
Microsoft Visual Studio Solution File, Format Version 12.00
# Visual Studio 15
VisualStudioVersion = 15.0.27428.2027
MinimumVisualStudioVersion = 10.0.40219.1
Project("{FAE04EC0-301F-11D3-BF4B-00C04F79EFBC}") = "SmartHoTelMasterPage.Android", "SmartHoTelMasterPage\SmartHoTelMasterPage.Android\SmartHoTelMasterPage.Android.csproj", "{B5F68074-52B5-4330-85AC-6B98803CEF22}"
EndProject
Project("{FAE04EC0-301F-11D3-BF4B-00C04F79EFBC}") = "SmartHoTelMasterPage.iOS", "SmartHoTelMasterPage\SmartHoTelMasterPage.iOS\SmartHoTelMasterPage.iOS.csproj", "{C161AF64-1D3A-46B0-8D22-CAF99963FAF5}"
EndProject
Project("{FAE04EC0-301F-11D3-BF4B-00C04F79EFBC}") = "SmartHoTelMasterPage", "SmartHoTelMasterPage\SmartHoTelMasterPage\SmartHoTelMasterPage.csproj", "{46F68F25-5144-4397-A111-28A7245975BF}"
EndProject
Global
	GlobalSection(SolutionConfigurationPlatforms) = preSolution
		Ad-Hoc|Any CPU = Ad-Hoc|Any CPU
		Ad-Hoc|iPhone = Ad-Hoc|iPhone
		Ad-Hoc|iPhoneSimulator = Ad-Hoc|iPhoneSimulator
		AppStore|Any CPU = AppStore|Any CPU
		AppStore|iPhone = AppStore|iPhone
		AppStore|iPhoneSimulator = AppStore|iPhoneSimulator
		Debug|Any CPU = Debug|Any CPU
		Debug|iPhone = Debug|iPhone
		Debug|iPhoneSimulator = Debug|iPhoneSimulator
		Release|Any CPU = Release|Any CPU
		Release|iPhone = Release|iPhone
		Release|iPhoneSimulator = Release|iPhoneSimulator
	EndGlobalSection
	GlobalSection(ProjectConfigurationPlatforms) = postSolution
		{B5F68074-52B5-4330-85AC-6B98803CEF22}.Ad-Hoc|Any CPU.ActiveCfg = Release|Any CPU
		{B5F68074-52B5-4330-85AC-6B98803CEF22}.Ad-Hoc|Any CPU.Build.0 = Release|Any CPU
		{B5F68074-52B5-4330-85AC-6B98803CEF22}.Ad-Hoc|Any CPU.Deploy.0 = Release|Any CPU
		{B5F68074-52B5-4330-85AC-6B98803CEF22}.Ad-Hoc|iPhone.ActiveCfg = Release|Any CPU
		{B5F68074-52B5-4330-85AC-6B98803CEF22}.Ad-Hoc|iPhone.Build.0 = Release|Any CPU
		{B5F68074-52B5-4330-85AC-6B98803CEF22}.Ad-Hoc|iPhone.Deploy.0 = Release|Any CPU
		{B5F68074-52B5-4330-85AC-6B98803CEF22}.Ad-Hoc|iPhoneSimulator.ActiveCfg = Release|Any CPU
		{B5F68074-52B5-4330-85AC-6B98803CEF22}.Ad-Hoc|iPhoneSimulator.Build.0 = Release|Any CPU
		{B5F68074-52B5-4330-85AC-6B98803CEF22}.Ad-Hoc|iPhoneSimulator.Deploy.0 = Release|Any CPU
		{B5F68074-52B5-4330-85AC-6B98803CEF22}.AppStore|Any CPU.ActiveCfg = Release|Any CPU
		{B5F68074-52B5-4330-85AC-6B98803CEF22}.AppStore|Any CPU.Build.0 = Release|Any CPU
		{B5F68074-52B5-4330-85AC-6B98803CEF22}.AppStore|Any CPU.Deploy.0 = Release|Any CPU
		{B5F68074-52B5-4330-85AC-6B98803CEF22}.AppStore|iPhone.ActiveCfg = Release|Any CPU
		{B5F68074-52B5-4330-85AC-6B98803CEF22}.AppStore|iPhone.Build.0 = Release|Any CPU
		{B5F68074-52B5-4330-85AC-6B98803CEF22}.AppStore|iPhone.Deploy.0 = Release|Any CPU
		{B5F68074-52B5-4330-85AC-6B98803CEF22}.AppStore|iPhoneSimulator.ActiveCfg = Release|Any CPU
		{B5F68074-52B5-4330-85AC-6B98803CEF22}.AppStore|iPhoneSimulator.Build.0 = Release|Any CPU
		{B5F68074-52B5-4330-85AC-6B98803CEF22}.AppStore|iPhoneSimulator.Deploy.0 = Release|Any CPU
		{B5F68074-52B5-4330-85AC-6B98803CEF22}.Debug|Any CPU.ActiveCfg = Debug|Any CPU
		{B5F68074-52B5-4330-85AC-6B98803CEF22}.Debug|Any CPU.Build.0 = Debug|Any CPU
		{B5F68074-52B5-4330-85AC-6B98803CEF22}.Debug|Any CPU.Deploy.0 = Debug|Any CPU
		{B5F68074-52B5-4330-85AC-6B98803CEF22}.Debug|iPhone.ActiveCfg = Debug|Any CPU
		{B5F68074-52B5-4330-85AC-6B98803CEF22}.Debug|iPhone.Build.0 = Debug|Any CPU
		{B5F68074-52B5-4330-85AC-6B98803CEF22}.Debug|iPhone.Deploy.0 = Debug|Any CPU
		{B5F68074-52B5-4330-85AC-6B98803CEF22}.Debug|iPhoneSimulator.ActiveCfg = Debug|Any CPU
		{B5F68074-52B5-4330-85AC-6B98803CEF22}.Debug|iPhoneSimulator.Build.0 = Debug|Any CPU
		{B5F68074-52B5-4330-85AC-6B98803CEF22}.Debug|iPhoneSimulator.Deploy.0 = Debug|Any CPU
		{B5F68074-52B5-4330-85AC-6B98803CEF22}.Release|Any CPU.ActiveCfg = Release|Any CPU
		{B5F68074-52B5-4330-85AC-6B98803CEF22}.Release|Any CPU.Build.0 = Release|Any CPU
		{B5F68074-52B5-4330-85AC-6B98803CEF22}.Release|Any CPU.Deploy.0 = Release|Any CPU
		{B5F68074-52B5-4330-85AC-6B98803CEF22}.Release|iPhone.ActiveCfg = Release|Any CPU
		{B5F68074-52B5-4330-85AC-6B98803CEF22}.Release|iPhone.Build.0 = Release|Any CPU
		{B5F68074-52B5-4330-85AC-6B98803CEF22}.Release|iPhone.Deploy.0 = Release|Any CPU
		{B5F68074-52B5-4330-85AC-6B98803CEF22}.Release|iPhoneSimulator.ActiveCfg = Release|Any CPU
		{B5F68074-52B5-4330-85AC-6B98803CEF22}.Release|iPhoneSimulator.Build.0 = Release|Any CPU
		{B5F68074-52B5-4330-85AC-6B98803CEF22}.Release|iPhoneSimulator.Deploy.0 = Release|Any CPU
		{C161AF64-1D3A-46B0-8D22-CAF99963FAF5}.Ad-Hoc|Any CPU.ActiveCfg = Ad-Hoc|iPhone
		{C161AF64-1D3A-46B0-8D22-CAF99963FAF5}.Ad-Hoc|iPhone.ActiveCfg = Ad-Hoc|iPhone
		{C161AF64-1D3A-46B0-8D22-CAF99963FAF5}.Ad-Hoc|iPhone.Build.0 = Ad-Hoc|iPhone
		{C161AF64-1D3A-46B0-8D22-CAF99963FAF5}.Ad-Hoc|iPhoneSimulator.ActiveCfg = Ad-Hoc|iPhoneSimulator
		{C161AF64-1D3A-46B0-8D22-CAF99963FAF5}.Ad-Hoc|iPhoneSimulator.Build.0 = Ad-Hoc|iPhoneSimulator
		{C161AF64-1D3A-46B0-8D22-CAF99963FAF5}.AppStore|Any CPU.ActiveCfg = AppStore|iPhone
		{C161AF64-1D3A-46B0-8D22-CAF99963FAF5}.AppStore|iPhone.ActiveCfg = AppStore|iPhone
		{C161AF64-1D3A-46B0-8D22-CAF99963FAF5}.AppStore|iPhone.Build.0 = AppStore|iPhone
		{C161AF64-1D3A-46B0-8D22-CAF99963FAF5}.AppStore|iPhoneSimulator.ActiveCfg = AppStore|iPhoneSimulator
		{C161AF64-1D3A-46B0-8D22-CAF99963FAF5}.AppStore|iPhoneSimulator.Build.0 = AppStore|iPhoneSimulator
		{C161AF64-1D3A-46B0-8D22-CAF99963FAF5}.Debug|Any CPU.ActiveCfg = Debug|iPhone
		{C161AF64-1D3A-46B0-8D22-CAF99963FAF5}.Debug|iPhone.ActiveCfg = Debug|iPhone
		{C161AF64-1D3A-46B0-8D22-CAF99963FAF5}.Debug|iPhone.Build.0 = Debug|iPhone
		{C161AF64-1D3A-46B0-8D22-CAF99963FAF5}.Debug|iPhoneSimulator.ActiveCfg = Debug|iPhoneSimulator
		{C161AF64-1D3A-46B0-8D22-CAF99963FAF5}.Debug|iPhoneSimulator.Build.0 = Debug|iPhoneSimulator
		{C161AF64-1D3A-46B0-8D22-CAF99963FAF5}.Release|Any CPU.ActiveCfg = Release|iPhone
		{C161AF64-1D3A-46B0-8D22-CAF99963FAF5}.Release|iPhone.ActiveCfg = Release|iPhone
		{C161AF64-1D3A-46B0-8D22-CAF99963FAF5}.Release|iPhone.Build.0 = Release|iPhone
		{C161AF64-1D3A-46B0-8D22-CAF99963FAF5}.Release|iPhoneSimulator.ActiveCfg = Release|iPhoneSimulator
		{C161AF64-1D3A-46B0-8D22-CAF99963FAF5}.Release|iPhoneSimulator.Build.0 = Release|iPhoneSimulator
		{46F68F25-5144-4397-A111-28A7245975BF}.Ad-Hoc|Any CPU.ActiveCfg = Debug|Any CPU
		{46F68F25-5144-4397-A111-28A7245975BF}.Ad-Hoc|Any CPU.Build.0 = Debug|Any CPU
		{46F68F25-5144-4397-A111-28A7245975BF}.Ad-Hoc|iPhone.ActiveCfg = Debug|Any CPU
		{46F68F25-5144-4397-A111-28A7245975BF}.Ad-Hoc|iPhone.Build.0 = Debug|Any CPU
		{46F68F25-5144-4397-A111-28A7245975BF}.Ad-Hoc|iPhoneSimulator.ActiveCfg = Debug|Any CPU
		{46F68F25-5144-4397-A111-28A7245975BF}.Ad-Hoc|iPhoneSimulator.Build.0 = Debug|Any CPU
		{46F68F25-5144-4397-A111-28A7245975BF}.AppStore|Any CPU.ActiveCfg = Debug|Any CPU
		{46F68F25-5144-4397-A111-28A7245975BF}.AppStore|Any CPU.Build.0 = Debug|Any CPU
		{46F68F25-5144-4397-A111-28A7245975BF}.AppStore|iPhone.ActiveCfg = Debug|Any CPU
		{46F68F25-5144-4397-A111-28A7245975BF}.AppStore|iPhone.Build.0 = Debug|Any CPU
		{46F68F25-5144-4397-A111-28A7245975BF}.AppStore|iPhoneSimulator.ActiveCfg = Debug|Any CPU
		{46F68F25-5144-4397-A111-28A7245975BF}.AppStore|iPhoneSimulator.Build.0 = Debug|Any CPU
		{46F68F25-5144-4397-A111-28A7245975BF}.Debug|Any CPU.ActiveCfg = Debug|Any CPU
		{46F68F25-5144-4397-A111-28A7245975BF}.Debug|Any CPU.Build.0 = Debug|Any CPU
		{46F68F25-5144-4397-A111-28A7245975BF}.Debug|iPhone.ActiveCfg = Debug|Any CPU
		{46F68F25-5144-4397-A111-28A7245975BF}.Debug|iPhone.Build.0 = Debug|Any CPU
		{46F68F25-5144-4397-A111-28A7245975BF}.Debug|iPhoneSimulator.ActiveCfg = Debug|Any CPU
		{46F68F25-5144-4397-A111-28A7245975BF}.Debug|iPhoneSimulator.Build.0 = Debug|Any CPU
		{46F68F25-5144-4397-A111-28A7245975BF}.Release|Any CPU.ActiveCfg = Release|Any CPU
		{46F68F25-5144-4397-A111-28A7245975BF}.Release|Any CPU.Build.0 = Release|Any CPU
		{46F68F25-5144-4397-A111-28A7245975BF}.Release|iPhone.ActiveCfg = Release|Any CPU
		{46F68F25-5144-4397-A111-28A7245975BF}.Release|iPhone.Build.0 = Release|Any CPU
		{46F68F25-5144-4397-A111-28A7245975BF}.Release|iPhoneSimulator.ActiveCfg = Release|Any CPU
		{46F68F25-5144-4397-A111-28A7245975BF}.Release|iPhoneSimulator.Build.0 = Release|Any CPU
	EndGlobalSection
	GlobalSection(SolutionProperties) = preSolution
		HideSolutionNode = FALSE
	EndGlobalSection
	GlobalSection(ExtensibilityGlobals) = postSolution
		SolutionGuid = {16971195-0343-439F-9C84-BD5BBECC327C}
	EndGlobalSection
EndGlobal
